
Microsoft Visual Studio Solution File, Format Version 12.00
# Visual Studio Version 17
VisualStudioVersion = 17.9.34714.143
MinimumVisualStudioVersion = 10.0.40219.1
Project("{8BC9CEB8-8B4A-11D0-8D11-00A0C91BC942}") = "Iterator", "Iterator.vcxproj", "{558F957D-33BB-481E-8365-20227A932BDA}"
EndProject
Global
	GlobalSection(SolutionConfigurationPlatforms) = preSolution
		Debug|x64 = Debug|x64
		Debug|x86 = Debug|x86
		Release|x64 = Release|x64
		Release|x86 = Release|x86
	EndGlobalSection
	GlobalSection(ProjectConfigurationPlatforms) = postSolution
		{558F957D-33BB-481E-8365-20227A932BDA}.Debug|x64.ActiveCfg = Debug|x64
		{558F957D-33BB-481E-8365-20227A932BDA}.Debug|x64.Build.0 = Debug|x64
		{558F957D-33BB-481E-8365-20227A932BDA}.Debug|x86.ActiveCfg = Debug|Win32
		{558F957D-33BB-481E-8365-20227A932BDA}.Debug|x86.Build.0 = Debug|Win32
		{558F957D-33BB-481E-8365-20227A932BDA}.Release|x64.ActiveCfg = Release|x64
		{558F957D-33BB-481E-8365-20227A932BDA}.Release|x64.Build.0 = Release|x64
		{558F957D-33BB-481E-8365-20227A932BDA}.Release|x86.ActiveCfg = Release|Win32
		{558F957D-33BB-481E-8365-20227A932BDA}.Release|x86.Build.0 = Release|Win32
	EndGlobalSection
	GlobalSection(SolutionProperties) = preSolution
		HideSolutionNode = FALSE
	EndGlobalSection
	GlobalSection(ExtensibilityGlobals) = postSolution
		SolutionGuid = {933DA0F7-DF2E-4C1C-A54E-1C9AB6EE79B3}
	EndGlobalSection
EndGlobal
