
Microsoft Visual Studio Solution File, Format Version 12.00
# Visual Studio Version 17
VisualStudioVersion = 17.9.34714.143
MinimumVisualStudioVersion = 10.0.40219.1
Project("{8BC9CEB8-8B4A-11D0-8D11-00A0C91BC942}") = "CustomLoop_Quest4_3", "CustomLoop_Quest4_3.vcxproj", "{C67ED73C-101C-4062-BAC8-78F870FAC0A2}"
EndProject
Global
	GlobalSection(SolutionConfigurationPlatforms) = preSolution
		Debug|x64 = Debug|x64
		Debug|x86 = Debug|x86
		Release|x64 = Release|x64
		Release|x86 = Release|x86
	EndGlobalSection
	GlobalSection(ProjectConfigurationPlatforms) = postSolution
		{C67ED73C-101C-4062-BAC8-78F870FAC0A2}.Debug|x64.ActiveCfg = Debug|x64
		{C67ED73C-101C-4062-BAC8-78F870FAC0A2}.Debug|x64.Build.0 = Debug|x64
		{C67ED73C-101C-4062-BAC8-78F870FAC0A2}.Debug|x86.ActiveCfg = Debug|Win32
		{C67ED73C-101C-4062-BAC8-78F870FAC0A2}.Debug|x86.Build.0 = Debug|Win32
		{C67ED73C-101C-4062-BAC8-78F870FAC0A2}.Release|x64.ActiveCfg = Release|x64
		{C67ED73C-101C-4062-BAC8-78F870FAC0A2}.Release|x64.Build.0 = Release|x64
		{C67ED73C-101C-4062-BAC8-78F870FAC0A2}.Release|x86.ActiveCfg = Release|Win32
		{C67ED73C-101C-4062-BAC8-78F870FAC0A2}.Release|x86.Build.0 = Release|Win32
	EndGlobalSection
	GlobalSection(SolutionProperties) = preSolution
		HideSolutionNode = FALSE
	EndGlobalSection
	GlobalSection(ExtensibilityGlobals) = postSolution
		SolutionGuid = {AE0F63D6-5C1B-4421-8F54-61C177B3F6B3}
	EndGlobalSection
EndGlobal
