
Microsoft Visual Studio Solution File, Format Version 12.00
# Visual Studio Version 17
VisualStudioVersion = 17.9.34714.143
MinimumVisualStudioVersion = 10.0.40219.1
Project("{8BC9CEB8-8B4A-11D0-8D11-00A0C91BC942}") = "CustomLoop_Quest01_4", "CustomLoop_Quest01_4.vcxproj", "{637CE377-E317-414D-8FD9-98F9BD2E3D80}"
EndProject
Global
	GlobalSection(SolutionConfigurationPlatforms) = preSolution
		Debug|x64 = Debug|x64
		Debug|x86 = Debug|x86
		Release|x64 = Release|x64
		Release|x86 = Release|x86
	EndGlobalSection
	GlobalSection(ProjectConfigurationPlatforms) = postSolution
		{637CE377-E317-414D-8FD9-98F9BD2E3D80}.Debug|x64.ActiveCfg = Debug|x64
		{637CE377-E317-414D-8FD9-98F9BD2E3D80}.Debug|x64.Build.0 = Debug|x64
		{637CE377-E317-414D-8FD9-98F9BD2E3D80}.Debug|x86.ActiveCfg = Debug|Win32
		{637CE377-E317-414D-8FD9-98F9BD2E3D80}.Debug|x86.Build.0 = Debug|Win32
		{637CE377-E317-414D-8FD9-98F9BD2E3D80}.Release|x64.ActiveCfg = Release|x64
		{637CE377-E317-414D-8FD9-98F9BD2E3D80}.Release|x64.Build.0 = Release|x64
		{637CE377-E317-414D-8FD9-98F9BD2E3D80}.Release|x86.ActiveCfg = Release|Win32
		{637CE377-E317-414D-8FD9-98F9BD2E3D80}.Release|x86.Build.0 = Release|Win32
	EndGlobalSection
	GlobalSection(SolutionProperties) = preSolution
		HideSolutionNode = FALSE
	EndGlobalSection
	GlobalSection(ExtensibilityGlobals) = postSolution
		SolutionGuid = {8DA5657A-0BF2-4D38-B79F-12E34532B09D}
	EndGlobalSection
EndGlobal
