
Microsoft Visual Studio Solution File, Format Version 12.00
# Visual Studio Version 17
VisualStudioVersion = 17.9.34714.143
MinimumVisualStudioVersion = 10.0.40219.1
Project("{8BC9CEB8-8B4A-11D0-8D11-00A0C91BC942}") = "CustomLoop_Quest1_1", "CustomLoop_Quest1_1.vcxproj", "{F287FDAE-9BBB-4845-891B-E78EB42BCB1D}"
EndProject
Global
	GlobalSection(SolutionConfigurationPlatforms) = preSolution
		Debug|x64 = Debug|x64
		Debug|x86 = Debug|x86
		Release|x64 = Release|x64
		Release|x86 = Release|x86
	EndGlobalSection
	GlobalSection(ProjectConfigurationPlatforms) = postSolution
		{F287FDAE-9BBB-4845-891B-E78EB42BCB1D}.Debug|x64.ActiveCfg = Debug|x64
		{F287FDAE-9BBB-4845-891B-E78EB42BCB1D}.Debug|x64.Build.0 = Debug|x64
		{F287FDAE-9BBB-4845-891B-E78EB42BCB1D}.Debug|x86.ActiveCfg = Debug|Win32
		{F287FDAE-9BBB-4845-891B-E78EB42BCB1D}.Debug|x86.Build.0 = Debug|Win32
		{F287FDAE-9BBB-4845-891B-E78EB42BCB1D}.Release|x64.ActiveCfg = Release|x64
		{F287FDAE-9BBB-4845-891B-E78EB42BCB1D}.Release|x64.Build.0 = Release|x64
		{F287FDAE-9BBB-4845-891B-E78EB42BCB1D}.Release|x86.ActiveCfg = Release|Win32
		{F287FDAE-9BBB-4845-891B-E78EB42BCB1D}.Release|x86.Build.0 = Release|Win32
	EndGlobalSection
	GlobalSection(SolutionProperties) = preSolution
		HideSolutionNode = FALSE
	EndGlobalSection
	GlobalSection(ExtensibilityGlobals) = postSolution
		SolutionGuid = {FC88554F-2338-4841-84FC-2854AF8CF272}
	EndGlobalSection
EndGlobal
