
Microsoft Visual Studio Solution File, Format Version 12.00
# Visual Studio Version 17
VisualStudioVersion = 17.9.34714.143
MinimumVisualStudioVersion = 10.0.40219.1
Project("{8BC9CEB8-8B4A-11D0-8D11-00A0C91BC942}") = "Kth Largest with Multiset", "Kth Largest with Multiset.vcxproj", "{1C3D212A-4A31-4F23-AA16-C26AF72439EB}"
EndProject
Global
	GlobalSection(SolutionConfigurationPlatforms) = preSolution
		Debug|x64 = Debug|x64
		Debug|x86 = Debug|x86
		Release|x64 = Release|x64
		Release|x86 = Release|x86
	EndGlobalSection
	GlobalSection(ProjectConfigurationPlatforms) = postSolution
		{1C3D212A-4A31-4F23-AA16-C26AF72439EB}.Debug|x64.ActiveCfg = Debug|x64
		{1C3D212A-4A31-4F23-AA16-C26AF72439EB}.Debug|x64.Build.0 = Debug|x64
		{1C3D212A-4A31-4F23-AA16-C26AF72439EB}.Debug|x86.ActiveCfg = Debug|Win32
		{1C3D212A-4A31-4F23-AA16-C26AF72439EB}.Debug|x86.Build.0 = Debug|Win32
		{1C3D212A-4A31-4F23-AA16-C26AF72439EB}.Release|x64.ActiveCfg = Release|x64
		{1C3D212A-4A31-4F23-AA16-C26AF72439EB}.Release|x64.Build.0 = Release|x64
		{1C3D212A-4A31-4F23-AA16-C26AF72439EB}.Release|x86.ActiveCfg = Release|Win32
		{1C3D212A-4A31-4F23-AA16-C26AF72439EB}.Release|x86.Build.0 = Release|Win32
	EndGlobalSection
	GlobalSection(SolutionProperties) = preSolution
		HideSolutionNode = FALSE
	EndGlobalSection
	GlobalSection(ExtensibilityGlobals) = postSolution
		SolutionGuid = {D3546A6C-7876-421D-848A-D45855C18FA8}
	EndGlobalSection
EndGlobal
