
Microsoft Visual Studio Solution File, Format Version 12.00
# Visual Studio Version 17
VisualStudioVersion = 17.9.34714.143
MinimumVisualStudioVersion = 10.0.40219.1
Project("{8BC9CEB8-8B4A-11D0-8D11-00A0C91BC942}") = "CustomLoop_Quest2_2", "CustomLoop_Quest2_2.vcxproj", "{390BC9B5-97C5-4531-BA0C-4F9C1D2CCE7E}"
EndProject
Global
	GlobalSection(SolutionConfigurationPlatforms) = preSolution
		Debug|x64 = Debug|x64
		Debug|x86 = Debug|x86
		Release|x64 = Release|x64
		Release|x86 = Release|x86
	EndGlobalSection
	GlobalSection(ProjectConfigurationPlatforms) = postSolution
		{390BC9B5-97C5-4531-BA0C-4F9C1D2CCE7E}.Debug|x64.ActiveCfg = Debug|x64
		{390BC9B5-97C5-4531-BA0C-4F9C1D2CCE7E}.Debug|x64.Build.0 = Debug|x64
		{390BC9B5-97C5-4531-BA0C-4F9C1D2CCE7E}.Debug|x86.ActiveCfg = Debug|Win32
		{390BC9B5-97C5-4531-BA0C-4F9C1D2CCE7E}.Debug|x86.Build.0 = Debug|Win32
		{390BC9B5-97C5-4531-BA0C-4F9C1D2CCE7E}.Release|x64.ActiveCfg = Release|x64
		{390BC9B5-97C5-4531-BA0C-4F9C1D2CCE7E}.Release|x64.Build.0 = Release|x64
		{390BC9B5-97C5-4531-BA0C-4F9C1D2CCE7E}.Release|x86.ActiveCfg = Release|Win32
		{390BC9B5-97C5-4531-BA0C-4F9C1D2CCE7E}.Release|x86.Build.0 = Release|Win32
	EndGlobalSection
	GlobalSection(SolutionProperties) = preSolution
		HideSolutionNode = FALSE
	EndGlobalSection
	GlobalSection(ExtensibilityGlobals) = postSolution
		SolutionGuid = {0F183456-F70F-4850-8848-CCA4C54FB10F}
	EndGlobalSection
EndGlobal
